
Microsoft Visual Studio Solution File, Format Version 12.00
# Visual Studio 14
VisualStudioVersion = 14.0.25123.0
MinimumVisualStudioVersion = 10.0.40219.1
Project("{2150E333-8FDC-42A3-9474-1A3956D46DE8}") = "src", "src", "{F1992FAE-0057-4F7E-AD74-902E2E1D4F24}"
EndProject
Project("{2150E333-8FDC-42A3-9474-1A3956D46DE8}") = "Solution Items", "Solution Items", "{7D7AE3FA-E476-4E43-B1DB-3BF3A9D6EA4C}"
EndProject
Project("{8BB2217D-0F2D-49D1-97BC-3654ED321F3B}") = "DevZH.HtmlAgilityPack", "src\DevZH.HtmlAgilityPack\DevZH.HtmlAgilityPack.xproj", "{46D17D47-499A-418C-8AEC-594D3354BEB6}"
EndProject
Global
	GlobalSection(SolutionConfigurationPlatforms) = preSolution
		Debug|Any CPU = Debug|Any CPU
		Release|Any CPU = Release|Any CPU
	EndGlobalSection
	GlobalSection(ProjectConfigurationPlatforms) = postSolution
		{46D17D47-499A-418C-8AEC-594D3354BEB6}.Debug|Any CPU.ActiveCfg = Debug|Any CPU
		{46D17D47-499A-418C-8AEC-594D3354BEB6}.Debug|Any CPU.Build.0 = Debug|Any CPU
		{46D17D47-499A-418C-8AEC-594D3354BEB6}.Release|Any CPU.ActiveCfg = Release|Any CPU
		{46D17D47-499A-418C-8AEC-594D3354BEB6}.Release|Any CPU.Build.0 = Release|Any CPU
	EndGlobalSection
	GlobalSection(SolutionProperties) = preSolution
		HideSolutionNode = FALSE
	EndGlobalSection
	GlobalSection(NestedProjects) = preSolution
		{46D17D47-499A-418C-8AEC-594D3354BEB6} = {F1992FAE-0057-4F7E-AD74-902E2E1D4F24}
	EndGlobalSection
EndGlobal
